
Microsoft Visual Studio Solution File, Format Version 12.00
# Visual Studio Version 17
VisualStudioVersion = 17.7.34024.191
MinimumVisualStudioVersion = 10.0.40219.1
Project("{FAE04EC0-301F-11D3-BF4B-00C04F79EFBC}") = "REYES_LabActivity1", "REYES_LabActivity1\REYES_LabActivity1.csproj", "{B733D722-3CD1-495B-BB6D-5F25612C0F66}"
EndProject
Global
	GlobalSection(SolutionConfigurationPlatforms) = preSolution
		Debug|Any CPU = Debug|Any CPU
		Release|Any CPU = Release|Any CPU
	EndGlobalSection
	GlobalSection(ProjectConfigurationPlatforms) = postSolution
		{B733D722-3CD1-495B-BB6D-5F25612C0F66}.Debug|Any CPU.ActiveCfg = Debug|Any CPU
		{B733D722-3CD1-495B-BB6D-5F25612C0F66}.Debug|Any CPU.Build.0 = Debug|Any CPU
		{B733D722-3CD1-495B-BB6D-5F25612C0F66}.Release|Any CPU.ActiveCfg = Release|Any CPU
		{B733D722-3CD1-495B-BB6D-5F25612C0F66}.Release|Any CPU.Build.0 = Release|Any CPU
	EndGlobalSection
	GlobalSection(SolutionProperties) = preSolution
		HideSolutionNode = FALSE
	EndGlobalSection
	GlobalSection(ExtensibilityGlobals) = postSolution
		SolutionGuid = {DD5F38F6-8904-464F-9651-0AF76732D7BA}
	EndGlobalSection
EndGlobal
